{
  "socketPath": "/tmp/mcp-IXOcyH/mcp.sock",
  "scheme": "unix",
  "headers": {
    "Authorization": "Nonce 6395701f-4c10-4c34-8c6d-c20f03afa3ef"
  },
  "pid": 146402,
  "ideName": "Visual Studio Code",
  "timestamp": 1775338261460,
  "workspaceFolders": [
    "/teamspace/studios/this_studio"
  ],
  "isTrusted": true
}